schema: '2.0'
stages:
  parse:
    cmd: uv run python -m legalrag.ingest.parse --pdf
      data/raw/egyptian_civil_code.pdf --out data/processed/articles.json
      --params params.yaml
    deps:
    - path: data/raw/egyptian_civil_code.pdf
      hash: md5
      md5: 5086ef5f16f15d856278db943e58e948
      size: 2599703
    - path: src/legalrag/__init__.py
      hash: md5
      md5: 82e2879621db4f455178f0298d08a18d
      size: 416
    - path: src/legalrag/ingest
      hash: md5
      md5: 00340d0d03c827a34ca62b8ba24741d7.dir
      size: 104355
      nfiles: 12
    - path: src/legalrag/logging_conf.py
      hash: md5
      md5: 44209058df21d94cb1efb28e24541b86
      size: 1545
    - path: src/legalrag/settings.py
      hash: md5
      md5: 1ebfda8b3e6fb1a88ed85ebb80ec14af
      size: 4167
    - path: uv.lock
      hash: md5
      md5: 874b3c254aa023fed0afde1b7a83d824
      size: 825489
    params:
      params.yaml:
        corpus.known_anomalies:
          1022:
            reason: the PDF prints Article 1022's Arabic inside Article 1021's
              Arabic block
            flag: arabic_text_inside_article_1021
            allow:
            - empty_ar
          1021:
            reason: its Arabic block also contains the Arabic of Article 1022
            flag: contains_arabic_of_article_1022
            allow:
            - length_ratio
          970:
            reason: the Arabic includes later amendments (state property) that
              the English translation lacks
            flag: arabic_newer_than_english
            allow:
            - length_ratio
          519:
            reason: the PDF's Arabic is one sentence; the English translation
              has three
            flag: arabic_shorter_than_english
            allow:
            - length_ratio
          1060:
            reason: the PDF's Arabic has one paragraph; the English has two (the
              second is scrambled)
            flag: arabic_shorter_than_english
            allow:
            - length_ratio
    outs:
    - path: data/processed/articles.json
      hash: md5
      md5: 7f589ec24c78500aad3812642ee23eab
      size: 1710653
    - path: data/processed/articles.meta.json
      hash: md5
      md5: 935814c7a02c1adeeeb62606d3bd77cf
      size: 251
  validate:
    cmd: uv run python -m legalrag.ingest.validate --articles
      data/processed/articles.json --params params.yaml --metrics
      reports/corpus_metrics.json
    deps:
    - path: data/processed/articles.json
      hash: md5
      md5: 7f589ec24c78500aad3812642ee23eab
      size: 1710653
    - path: src/legalrag/ingest
      hash: md5
      md5: 00340d0d03c827a34ca62b8ba24741d7.dir
      size: 104355
      nfiles: 12
    - path: uv.lock
      hash: md5
      md5: 874b3c254aa023fed0afde1b7a83d824
      size: 825489
    params:
      params.yaml:
        corpus:
          expected_articles: 1149
          max_chars_ar: 1800
          max_chars_en: 2700
          length_ratio:
          - 0.9
          - 2.8
          pinned:
            1: تسرى النصوص التشريعية
            89: يتم العقد بمجرد أن يتبادل طرفان
            147: العقد شريعة المتعاقدين
            374: خمس عشرة سنة
            418: أن ينقل للمشتري
            802: لمالك الشيء وحده
            1030: الرهن الرسمي عقد
            1149: للشركاء الذين اقتسموا
          book_starts:
            89: الكتاب الأول
            418: الكتاب الثاني
            802: الكتاب الثالث
            1030: الكتاب الرابع
          known_anomalies:
            1022:
              reason: the PDF prints Article 1022's Arabic inside Article 1021's
                Arabic block
              flag: arabic_text_inside_article_1021
              allow:
              - empty_ar
            1021:
              reason: its Arabic block also contains the Arabic of Article 1022
              flag: contains_arabic_of_article_1022
              allow:
              - length_ratio
            970:
              reason: the Arabic includes later amendments (state property) that
                the English translation lacks
              flag: arabic_newer_than_english
              allow:
              - length_ratio
            519:
              reason: the PDF's Arabic is one sentence; the English translation
                has three
              flag: arabic_shorter_than_english
              allow:
              - length_ratio
            1060:
              reason: the PDF's Arabic has one paragraph; the English has two
                (the second is scrambled)
              flag: arabic_shorter_than_english
              allow:
              - length_ratio
    outs:
    - path: reports/corpus_metrics.json
      hash: md5
      md5: e5f99020baa97099260e6cdd4a11032f
      size: 211
  index:
    cmd: uv run python -m legalrag.index.build --articles
      data/processed/articles.json --params params.yaml --manifest
      data/processed/index_manifest.json --metrics reports/index_metrics.json
    deps:
    - path: data/processed/articles.json
      hash: md5
      md5: 7f589ec24c78500aad3812642ee23eab
      size: 1710653
    - path: reports/corpus_metrics.json
      hash: md5
      md5: e5f99020baa97099260e6cdd4a11032f
      size: 211
    - path: src/legalrag/index
      hash: md5
      md5: 478895d28887937ab3d0ee2e2f2273b7.dir
      size: 46679
      nfiles: 8
    - path: uv.lock
      hash: md5
      md5: 874b3c254aa023fed0afde1b7a83d824
      size: 825489
    params:
      params.yaml:
        index:
          embedding_model: BAAI/bge-m3
          embedding_revision: 9a0624b896d81da7492a910ffa53731274b6cf3d
          max_length: 1024
          batch_size: 16
          alias: articles
    outs:
    - path: data/processed/index_manifest.json
      hash: md5
      md5: fd319888f067f85ca93d4c8087b388c8
      size: 362
    - path: reports/index_metrics.json
      hash: md5
      md5: 1f9ea80219f9f51ec13de46be65b8e8a
      size: 63
